# @generated - this file is auto-generated by `mise lock` https://mise.jdx.dev/dev-tools/mise-lock.html

[[tools.age]]
version = "1.3.1"
backend = "aqua:FiloSottile/age"

[tools.age."platforms.linux-arm64"]
checksum = "sha256:c6878a324421b69e3e20b00ba17c04bc5c6dab0030cfe55bf8f68fa8d9e9093a"
url = "https://github.com/FiloSottile/age/releases/download/v1.3.1/age-v1.3.1-linux-arm64.tar.gz"
url_api = "https://api.github.com/repos/FiloSottile/age/releases/assets/333752668"
provenance = "github-attestations"

[tools.age."platforms.linux-arm64-musl"]
checksum = "sha256:c6878a324421b69e3e20b00ba17c04bc5c6dab0030cfe55bf8f68fa8d9e9093a"
url = "https://github.com/FiloSottile/age/releases/download/v1.3.1/age-v1.3.1-linux-arm64.tar.gz"
url_api = "https://api.github.com/repos/FiloSottile/age/releases/assets/333752668"
provenance = "github-attestations"

[tools.age."platforms.linux-x64"]
checksum = "sha256:bdc69c09cbdd6cf8b1f333d372a1f58247b3a33146406333e30c0f26e8f51377"
url = "https://github.com/FiloSottile/age/releases/download/v1.3.1/age-v1.3.1-linux-amd64.tar.gz"
url_api = "https://api.github.com/repos/FiloSottile/age/releases/assets/333752671"
provenance = "github-attestations"

[tools.age."platforms.linux-x64-musl"]
checksum = "sha256:bdc69c09cbdd6cf8b1f333d372a1f58247b3a33146406333e30c0f26e8f51377"
url = "https://github.com/FiloSottile/age/releases/download/v1.3.1/age-v1.3.1-linux-amd64.tar.gz"
url_api = "https://api.github.com/repos/FiloSottile/age/releases/assets/333752671"
provenance = "github-attestations"

[tools.age."platforms.macos-arm64"]
checksum = "sha256:01120ea2cbf0463d4c6bd767f99f3271bbed1cdc8a9aa718a76ba1fe4f01998b"
url = "https://github.com/FiloSottile/age/releases/download/v1.3.1/age-v1.3.1-darwin-arm64.tar.gz"
url_api = "https://api.github.com/repos/FiloSottile/age/releases/assets/333752669"
provenance = "github-attestations"

[tools.age."platforms.macos-x64"]
checksum = "sha256:2b233301ad21ab7b1eabd9ae1198a164005fa4928fcdd745d47c39f8593209d7"
url = "https://github.com/FiloSottile/age/releases/download/v1.3.1/age-v1.3.1-darwin-amd64.tar.gz"
url_api = "https://api.github.com/repos/FiloSottile/age/releases/assets/343881260"
provenance = "github-attestations"

[tools.age."platforms.windows-x64"]
checksum = "sha256:c56e8ce22f7e80cb85ad946cc82d198767b056366201d3e1a2b93d865be38154"
url = "https://github.com/FiloSottile/age/releases/download/v1.3.1/age-v1.3.1-windows-amd64.zip"
url_api = "https://api.github.com/repos/FiloSottile/age/releases/assets/333752673"
provenance = "github-attestations"

[[tools."aqua:WebAssembly/binaryen"]]
version = "131"
backend = "aqua:WebAssembly/binaryen"

[tools."aqua:WebAssembly/binaryen"."platforms.linux-x64"]
checksum = "sha256:b5bf1f0eaf17c63ee588ff7a5954dc8f6ce2c26989051c66f24dfe9ece3e46db"
url = "https://github.com/WebAssembly/binaryen/releases/download/version_131/binaryen-version_131-x86_64-linux.tar.gz"
url_api = "https://api.github.com/repos/WebAssembly/binaryen/releases/assets/478310450"

[tools."aqua:WebAssembly/binaryen"."platforms.linux-x64-musl"]
checksum = "sha256:b5bf1f0eaf17c63ee588ff7a5954dc8f6ce2c26989051c66f24dfe9ece3e46db"
url = "https://github.com/WebAssembly/binaryen/releases/download/version_131/binaryen-version_131-x86_64-linux.tar.gz"
url_api = "https://api.github.com/repos/WebAssembly/binaryen/releases/assets/478310450"

[tools."aqua:WebAssembly/binaryen"."platforms.macos-arm64"]
checksum = "sha256:e441b48dc22163d209b4f05e44dc7210909b01237642b6c9ae48fd710a3ef83e"
url = "https://github.com/WebAssembly/binaryen/releases/download/version_131/binaryen-version_131-arm64-macos.tar.gz"
url_api = "https://api.github.com/repos/WebAssembly/binaryen/releases/assets/478294685"

[tools."aqua:WebAssembly/binaryen"."platforms.macos-x64"]
checksum = "sha256:d209fadd8a894bdaf3bd3612a23c32a0af184d2f4a979b8c789e6e4f6a4de883"
url = "https://github.com/WebAssembly/binaryen/releases/download/version_131/binaryen-version_131-x86_64-macos.tar.gz"
url_api = "https://api.github.com/repos/WebAssembly/binaryen/releases/assets/478294684"

[tools."aqua:WebAssembly/binaryen"."platforms.windows-x64"]
checksum = "sha256:2f4edac1703a2f695254d6ff52ede03481e67db1f094915763d863158c17d9bc"
url = "https://github.com/WebAssembly/binaryen/releases/download/version_131/binaryen-version_131-x86_64-windows.tar.gz"
url_api = "https://api.github.com/repos/WebAssembly/binaryen/releases/assets/478305109"

[[tools.cargo-binstall]]
version = "1.20.1"
backend = "aqua:cargo-bins/cargo-binstall"

[tools.cargo-binstall."platforms.linux-arm64"]
checksum = "sha256:23679581c4cfa1782953264a6e36965198aed995b3a5287550dd78a113ce2288"
url = "https://github.com/cargo-bins/cargo-binstall/releases/download/v1.20.1/cargo-binstall-aarch64-unknown-linux-musl.tgz"
url_api = "https://api.github.com/repos/cargo-bins/cargo-binstall/releases/assets/453435033"
provenance = "github-attestations"

[tools.cargo-binstall."platforms.linux-arm64-musl"]
checksum = "sha256:23679581c4cfa1782953264a6e36965198aed995b3a5287550dd78a113ce2288"
url = "https://github.com/cargo-bins/cargo-binstall/releases/download/v1.20.1/cargo-binstall-aarch64-unknown-linux-musl.tgz"
url_api = "https://api.github.com/repos/cargo-bins/cargo-binstall/releases/assets/453435033"
provenance = "github-attestations"

[tools.cargo-binstall."platforms.linux-x64"]
checksum = "sha256:f12954bc382e1d0b2df3fbfb217a05d92c25570e4517841e0613499a24f4594e"
url = "https://github.com/cargo-bins/cargo-binstall/releases/download/v1.20.1/cargo-binstall-x86_64-unknown-linux-musl.tgz"
url_api = "https://api.github.com/repos/cargo-bins/cargo-binstall/releases/assets/453434840"
provenance = "github-attestations"

[tools.cargo-binstall."platforms.linux-x64-musl"]
checksum = "sha256:f12954bc382e1d0b2df3fbfb217a05d92c25570e4517841e0613499a24f4594e"
url = "https://github.com/cargo-bins/cargo-binstall/releases/download/v1.20.1/cargo-binstall-x86_64-unknown-linux-musl.tgz"
url_api = "https://api.github.com/repos/cargo-bins/cargo-binstall/releases/assets/453434840"
provenance = "github-attestations"

[tools.cargo-binstall."platforms.macos-arm64"]
checksum = "sha256:691c4fda20d2e58920dc056e4eb7dacec6de448bb547aca17b0ae819716ebef6"
url = "https://github.com/cargo-bins/cargo-binstall/releases/download/v1.20.1/cargo-binstall-aarch64-apple-darwin.zip"
url_api = "https://api.github.com/repos/cargo-bins/cargo-binstall/releases/assets/453435095"
provenance = "github-attestations"

[tools.cargo-binstall."platforms.macos-x64"]
checksum = "sha256:349f5ec5f8b996e990993c90c504211321d8bf839e11e409e8fa3b628eefc56f"
url = "https://github.com/cargo-bins/cargo-binstall/releases/download/v1.20.1/cargo-binstall-x86_64-apple-darwin.zip"
url_api = "https://api.github.com/repos/cargo-bins/cargo-binstall/releases/assets/453434899"
provenance = "github-attestations"

[tools.cargo-binstall."platforms.windows-x64"]
checksum = "sha256:89123c22482e2503a5fa861fa30cd61c59c708a97e8550143c1a11de98ae2658"
url = "https://github.com/cargo-bins/cargo-binstall/releases/download/v1.20.1/cargo-binstall-x86_64-pc-windows-msvc.zip"
url_api = "https://api.github.com/repos/cargo-bins/cargo-binstall/releases/assets/453434883"
provenance = "github-attestations"

[[tools."cargo:topcoat-cli"]]
version = "0.5.0"
backend = "cargo:topcoat-cli"

[[tools."cargo:trunk"]]
version = "0.21.14"
backend = "cargo:trunk"

[[tools.cocoapods]]
version = "1.17.0"
backend = "gem:cocoapods"

[[tools.flux2]]
version = "2.9.1"
backend = "aqua:fluxcd/flux2"

[tools.flux2."platforms.linux-arm64"]
checksum = "sha256:16409df2fbd40b23458d81c22dd57abd39e82450831bdf522716d9d1030976c6"
url = "https://github.com/fluxcd/flux2/releases/download/v2.9.1/flux_2.9.1_linux_arm64.tar.gz"
url_api = "https://api.github.com/repos/fluxcd/flux2/releases/assets/469221980"

[tools.flux2."platforms.linux-arm64".provenance.slsa]
url = "https://github.com/fluxcd/flux2/releases/download/v2.9.1/provenance.intoto.jsonl"

[tools.flux2."platforms.linux-arm64-musl"]
checksum = "sha256:16409df2fbd40b23458d81c22dd57abd39e82450831bdf522716d9d1030976c6"
url = "https://github.com/fluxcd/flux2/releases/download/v2.9.1/flux_2.9.1_linux_arm64.tar.gz"
url_api = "https://api.github.com/repos/fluxcd/flux2/releases/assets/469221980"

[tools.flux2."platforms.linux-arm64-musl".provenance.slsa]
url = "https://github.com/fluxcd/flux2/releases/download/v2.9.1/provenance.intoto.jsonl"

[tools.flux2."platforms.linux-x64"]
checksum = "sha256:6e984c92aa02250ea3f907367dc7829411e31d667b100ce2005cb87d5509e5b3"
url = "https://github.com/fluxcd/flux2/releases/download/v2.9.1/flux_2.9.1_linux_amd64.tar.gz"
url_api = "https://api.github.com/repos/fluxcd/flux2/releases/assets/469221979"

[tools.flux2."platforms.linux-x64".provenance.slsa]
url = "https://github.com/fluxcd/flux2/releases/download/v2.9.1/provenance.intoto.jsonl"

[tools.flux2."platforms.linux-x64-musl"]
checksum = "sha256:6e984c92aa02250ea3f907367dc7829411e31d667b100ce2005cb87d5509e5b3"
url = "https://github.com/fluxcd/flux2/releases/download/v2.9.1/flux_2.9.1_linux_amd64.tar.gz"
url_api = "https://api.github.com/repos/fluxcd/flux2/releases/assets/469221979"

[tools.flux2."platforms.linux-x64-musl".provenance.slsa]
url = "https://github.com/fluxcd/flux2/releases/download/v2.9.1/provenance.intoto.jsonl"

[tools.flux2."platforms.macos-arm64"]
checksum = "sha256:1adaed698058f6954b443482320ccb852d55f668ede345d64c49132188b26dcb"
url = "https://github.com/fluxcd/flux2/releases/download/v2.9.1/flux_2.9.1_darwin_arm64.tar.gz"
url_api = "https://api.github.com/repos/fluxcd/flux2/releases/assets/469221990"

[tools.flux2."platforms.macos-arm64".provenance.slsa]
url = "https://github.com/fluxcd/flux2/releases/download/v2.9.1/provenance.intoto.jsonl"

[tools.flux2."platforms.macos-x64"]
checksum = "sha256:bafe1a486da47d7f077af4057b7e8d290d6634ab34ab91544583ec3cb57c0dbd"
url = "https://github.com/fluxcd/flux2/releases/download/v2.9.1/flux_2.9.1_darwin_amd64.tar.gz"
url_api = "https://api.github.com/repos/fluxcd/flux2/releases/assets/469221982"

[tools.flux2."platforms.macos-x64".provenance.slsa]
url = "https://github.com/fluxcd/flux2/releases/download/v2.9.1/provenance.intoto.jsonl"

[tools.flux2."platforms.windows-x64"]
checksum = "sha256:54a33078141799052068fa8afce30178ffdd15a336adb50d44f8581e09c702ea"
url = "https://github.com/fluxcd/flux2/releases/download/v2.9.1/flux_2.9.1_windows_amd64.zip"
url_api = "https://api.github.com/repos/fluxcd/flux2/releases/assets/469221992"

[tools.flux2."platforms.windows-x64".provenance.slsa]
url = "https://github.com/fluxcd/flux2/releases/download/v2.9.1/provenance.intoto.jsonl"

[[tools.fnox]]
version = "1.30.0"
backend = "github:jdx/fnox"

[tools.fnox."platforms.linux-arm64"]
checksum = "sha256:8b9acdd4598715b293bbe845ed69611d69c46b193aefcc72a19d4672787ae23c"
url = "https://github.com/jdx/fnox/releases/download/v1.30.0/fnox-aarch64-unknown-linux-gnu.tar.gz"
url_api = "https://api.github.com/repos/jdx/fnox/releases/assets/471791309"
provenance = "github-attestations"

[tools.fnox."platforms.linux-arm64-musl"]
checksum = "sha256:7b678737da33d51513ba8696ed9b76cab35783250f2db8a6a028f13d0dbd2cdc"
url = "https://github.com/jdx/fnox/releases/download/v1.30.0/fnox-aarch64-unknown-linux-musl.tar.gz"
url_api = "https://api.github.com/repos/jdx/fnox/releases/assets/471791306"
provenance = "github-attestations"

[tools.fnox."platforms.linux-x64"]
checksum = "sha256:2479e045a8b9bac203d499d24693ce98e3724706d22ebdd76d812c2b66dcc321"
url = "https://github.com/jdx/fnox/releases/download/v1.30.0/fnox-x86_64-unknown-linux-gnu.tar.gz"
url_api = "https://api.github.com/repos/jdx/fnox/releases/assets/471791354"
provenance = "github-attestations"
provenance_verified = true

[tools.fnox."platforms.linux-x64-musl"]
checksum = "sha256:2b12cd7d0e814ca9f0066b96a3e1c3f307f18b3819eab7a2eb11e173c3bec3b9"
url = "https://github.com/jdx/fnox/releases/download/v1.30.0/fnox-x86_64-unknown-linux-musl.tar.gz"
url_api = "https://api.github.com/repos/jdx/fnox/releases/assets/471791367"
provenance = "github-attestations"

[tools.fnox."platforms.macos-arm64"]
checksum = "sha256:13cb02950379fa8d4ee1bc3f4212708754c089f34a885ac0101e39c30b7f547c"
url = "https://github.com/jdx/fnox/releases/download/v1.30.0/fnox-aarch64-apple-darwin.tar.gz"
url_api = "https://api.github.com/repos/jdx/fnox/releases/assets/471791310"
provenance = "github-attestations"
provenance_verified = true

[tools.fnox."platforms.macos-x64"]
checksum = "sha256:13759ab93da8ab53c0e7530166a7128b6afd946bbca98d6583f892afff1ed903"
url = "https://github.com/jdx/fnox/releases/download/v1.30.0/fnox-x86_64-apple-darwin.tar.gz"
url_api = "https://api.github.com/repos/jdx/fnox/releases/assets/471791307"
provenance = "github-attestations"

[tools.fnox."platforms.windows-x64"]
checksum = "sha256:9a6007af908a7c43275c5b0156d227e6a3a9cf183c68265ee7cdef26b88984e3"
url = "https://github.com/jdx/fnox/releases/download/v1.30.0/fnox-x86_64-pc-windows-msvc.zip"
url_api = "https://api.github.com/repos/jdx/fnox/releases/assets/471791353"
provenance = "github-attestations"

[[tools.gh]]
version = "2.96.0"
backend = "aqua:cli/cli"

[tools.gh."platforms.linux-arm64"]
checksum = "sha256:06f86ec7103d41993b76cd78072f43595c34aaa56506d971d9860e67140bf909"
url = "https://github.com/cli/cli/releases/download/v2.96.0/gh_2.96.0_linux_arm64.tar.gz"
url_api = "https://api.github.com/repos/cli/cli/releases/assets/464728549"
provenance = "github-attestations"

[tools.gh."platforms.linux-arm64-musl"]
checksum = "sha256:06f86ec7103d41993b76cd78072f43595c34aaa56506d971d9860e67140bf909"
url = "https://github.com/cli/cli/releases/download/v2.96.0/gh_2.96.0_linux_arm64.tar.gz"
url_api = "https://api.github.com/repos/cli/cli/releases/assets/464728549"
provenance = "github-attestations"

[tools.gh."platforms.linux-x64"]
checksum = "sha256:83d5c2ccad5498f58bf6368acb1ab32588cf43ab3a4b1c301bf36328b1c8bd60"
url = "https://github.com/cli/cli/releases/download/v2.96.0/gh_2.96.0_linux_amd64.tar.gz"
url_api = "https://api.github.com/repos/cli/cli/releases/assets/464728543"
provenance = "github-attestations"

[tools.gh."platforms.linux-x64-musl"]
checksum = "sha256:83d5c2ccad5498f58bf6368acb1ab32588cf43ab3a4b1c301bf36328b1c8bd60"
url = "https://github.com/cli/cli/releases/download/v2.96.0/gh_2.96.0_linux_amd64.tar.gz"
url_api = "https://api.github.com/repos/cli/cli/releases/assets/464728543"
provenance = "github-attestations"

[tools.gh."platforms.macos-arm64"]
checksum = "sha256:f23a0c37d963aacc3bed703ccbd59b41c5ca22101fab7f00eb2b7cad23aba463"
url = "https://github.com/cli/cli/releases/download/v2.96.0/gh_2.96.0_macOS_arm64.zip"
url_api = "https://api.github.com/repos/cli/cli/releases/assets/464728562"
provenance = "github-attestations"

[tools.gh."platforms.macos-x64"]
checksum = "sha256:4bd449df9ad639391bc62b8032546f0fe9edcd8526e06682a4f88abd8c5d163c"
url = "https://github.com/cli/cli/releases/download/v2.96.0/gh_2.96.0_macOS_amd64.zip"
url_api = "https://api.github.com/repos/cli/cli/releases/assets/464728560"
provenance = "github-attestations"

[tools.gh."platforms.windows-x64"]
checksum = "sha256:c2d6acc935cd2f00e2144d7e036d5cd82e6b6bd5594e8c75aa75ef2a4ed6aac3"
url = "https://github.com/cli/cli/releases/download/v2.96.0/gh_2.96.0_windows_amd64.zip"
url_api = "https://api.github.com/repos/cli/cli/releases/assets/464728577"
provenance = "github-attestations"

[[tools."github:clockworklabs/SpacetimeDB"]]
version = "2.6.1"
backend = "github:clockworklabs/SpacetimeDB"

[tools."github:clockworklabs/SpacetimeDB"."platforms.linux-arm64"]
checksum = "sha256:09db3428fb12fb8cf9cbb03cc5398c4a8d0234484b1dc88f10591199462068fd"
url = "https://github.com/clockworklabs/SpacetimeDB/releases/download/v2.6.1/spacetime-aarch64-unknown-linux-gnu.tar.gz"
url_api = "https://api.github.com/repos/clockworklabs/SpacetimeDB/releases/assets/463492118"

[tools."github:clockworklabs/SpacetimeDB"."platforms.linux-arm64-musl"]
checksum = "sha256:09db3428fb12fb8cf9cbb03cc5398c4a8d0234484b1dc88f10591199462068fd"
url = "https://github.com/clockworklabs/SpacetimeDB/releases/download/v2.6.1/spacetime-aarch64-unknown-linux-gnu.tar.gz"
url_api = "https://api.github.com/repos/clockworklabs/SpacetimeDB/releases/assets/463492118"

[tools."github:clockworklabs/SpacetimeDB"."platforms.linux-x64"]
checksum = "sha256:cb03bb4706dc6bd6ef080c9bbd220a6e7d10430a65e7be2ba6be27ec7e3a9118"
url = "https://github.com/clockworklabs/SpacetimeDB/releases/download/v2.6.1/spacetime-x86_64-unknown-linux-gnu.tar.gz"
url_api = "https://api.github.com/repos/clockworklabs/SpacetimeDB/releases/assets/463492136"

[tools."github:clockworklabs/SpacetimeDB"."platforms.linux-x64-musl"]
checksum = "sha256:cb03bb4706dc6bd6ef080c9bbd220a6e7d10430a65e7be2ba6be27ec7e3a9118"
url = "https://github.com/clockworklabs/SpacetimeDB/releases/download/v2.6.1/spacetime-x86_64-unknown-linux-gnu.tar.gz"
url_api = "https://api.github.com/repos/clockworklabs/SpacetimeDB/releases/assets/463492136"

[tools."github:clockworklabs/SpacetimeDB"."platforms.macos-arm64"]
checksum = "sha256:4736035e991bba6f416c99c08d02e5985534bf238732ea8464f199050e694f9f"
url = "https://github.com/clockworklabs/SpacetimeDB/releases/download/v2.6.1/spacetime-aarch64-apple-darwin.tar.gz"
url_api = "https://api.github.com/repos/clockworklabs/SpacetimeDB/releases/assets/463492116"

[tools."github:clockworklabs/SpacetimeDB"."platforms.macos-x64"]
checksum = "sha256:8d58ccc6762822710ce047dbf0d9d29ada95e5d70f300b1b6ee7cae09183b558"
url = "https://github.com/clockworklabs/SpacetimeDB/releases/download/v2.6.1/spacetime-x86_64-apple-darwin.tar.gz"
url_api = "https://api.github.com/repos/clockworklabs/SpacetimeDB/releases/assets/463492130"

[tools."github:clockworklabs/SpacetimeDB"."platforms.windows-x64"]
checksum = "sha256:0ca19c9941eb42d8c276ee100ccab46381fd00b176cffecd9e4c4b41bc820f30"
url = "https://github.com/clockworklabs/SpacetimeDB/releases/download/v2.6.1/spacetime-x86_64-pc-windows-msvc.zip"
url_api = "https://api.github.com/repos/clockworklabs/SpacetimeDB/releases/assets/463492135"

[[tools.helm]]
version = "4.2.3"
backend = "aqua:helm/helm"

[tools.helm."platforms.linux-arm64"]
checksum = "sha256:21abd9354d39b2cd79a8d76be6912cd137a983cbf997193503fb8a6a6e2f2785"
url = "https://get.helm.sh/helm-v4.2.3-linux-arm64.tar.gz"

[tools.helm."platforms.linux-arm64-musl"]
checksum = "sha256:21abd9354d39b2cd79a8d76be6912cd137a983cbf997193503fb8a6a6e2f2785"
url = "https://get.helm.sh/helm-v4.2.3-linux-arm64.tar.gz"

[tools.helm."platforms.linux-x64"]
checksum = "sha256:e9b88b4ee95b18c706839c28d3a0220e5bc470e9cd9262410c90793c45ff8b7c"
url = "https://get.helm.sh/helm-v4.2.3-linux-amd64.tar.gz"

[tools.helm."platforms.linux-x64-musl"]
checksum = "sha256:e9b88b4ee95b18c706839c28d3a0220e5bc470e9cd9262410c90793c45ff8b7c"
url = "https://get.helm.sh/helm-v4.2.3-linux-amd64.tar.gz"

[tools.helm."platforms.macos-arm64"]
checksum = "sha256:048ecf5ad3160f83d918f9fe945238d2132b079640f7b106175331c25f242c64"
url = "https://get.helm.sh/helm-v4.2.3-darwin-arm64.tar.gz"

[tools.helm."platforms.macos-x64"]
checksum = "sha256:ff3ac86755a45f3422473bc1200776aac0fe04c5766abe6ca66699f7b564b23b"
url = "https://get.helm.sh/helm-v4.2.3-darwin-amd64.tar.gz"

[tools.helm."platforms.windows-x64"]
checksum = "sha256:02c6137bb5f050479193afad5a28804e9edc3beeab7e7b53a6e1499c9ba387ef"
url = "https://get.helm.sh/helm-v4.2.3-windows-amd64.tar.gz"

[[tools.java]]
version = "21.0.2"
backend = "core:java"

[tools.java.options]
shorthand_vendor = "openjdk"

[tools.java."platforms.linux-arm64"]
checksum = "sha256:08db1392a48d4eb5ea5315cf8f18b89dbaf36cda663ba882cf03c704c9257ec2"
url = "https://download.java.net/java/GA/jdk21.0.2/f2283984656d49d69e91c558476027ac/13/GPL/openjdk-21.0.2_linux-aarch64_bin.tar.gz"

[tools.java."platforms.linux-x64"]
checksum = "sha256:a2def047a73941e01a73739f92755f86b895811afb1f91243db214cff5bdac3f"
url = "https://download.java.net/java/GA/jdk21.0.2/f2283984656d49d69e91c558476027ac/13/GPL/openjdk-21.0.2_linux-x64_bin.tar.gz"

[tools.java."platforms.macos-arm64"]
checksum = "sha256:b3d588e16ec1e0ef9805d8a696591bd518a5cea62567da8f53b5ce32d11d22e4"
url = "https://download.java.net/java/GA/jdk21.0.2/f2283984656d49d69e91c558476027ac/13/GPL/openjdk-21.0.2_macos-aarch64_bin.tar.gz"

[tools.java."platforms.macos-x64"]
checksum = "sha256:8fd09e15dc406387a0aba70bf5d99692874e999bf9cd9208b452b5d76ac922d3"
url = "https://download.java.net/java/GA/jdk21.0.2/f2283984656d49d69e91c558476027ac/13/GPL/openjdk-21.0.2_macos-x64_bin.tar.gz"

[tools.java."platforms.windows-x64"]
checksum = "sha256:b6c17e747ae78cdd6de4d7532b3164b277daee97c007d3eaa2b39cca99882664"
url = "https://download.java.net/java/GA/jdk21.0.2/f2283984656d49d69e91c558476027ac/13/GPL/openjdk-21.0.2_windows-x64_bin.zip"

[[tools.kubectl]]
version = "1.36.2"
backend = "aqua:kubernetes/kubernetes/kubectl"

[tools.kubectl."platforms.linux-arm64"]
checksum = "sha256:c957eb8c4bea27a3bb35b269edd9082e27f027f7b76b20b5bf4afebc726c6d3e"
url = "https://dl.k8s.io/v1.36.2/bin/linux/arm64/kubectl"

[tools.kubectl."platforms.linux-arm64-musl"]
checksum = "sha256:c957eb8c4bea27a3bb35b269edd9082e27f027f7b76b20b5bf4afebc726c6d3e"
url = "https://dl.k8s.io/v1.36.2/bin/linux/arm64/kubectl"

[tools.kubectl."platforms.linux-x64"]
checksum = "sha256:1e9045ec32bea85da43de85f0065358529ea7c7a152eca78154fba5b58c27d82"
url = "https://dl.k8s.io/v1.36.2/bin/linux/amd64/kubectl"

[tools.kubectl."platforms.linux-x64-musl"]
checksum = "sha256:1e9045ec32bea85da43de85f0065358529ea7c7a152eca78154fba5b58c27d82"
url = "https://dl.k8s.io/v1.36.2/bin/linux/amd64/kubectl"

[tools.kubectl."platforms.macos-arm64"]
checksum = "sha256:4408c85c83fd3a31adaa555bdf3c7a6c81f74b19449a9060ba31ab91926f023d"
url = "https://dl.k8s.io/v1.36.2/bin/darwin/arm64/kubectl"

[tools.kubectl."platforms.macos-x64"]
checksum = "sha256:ce6c5e55cd17559e87e4fb5e73ebbbc2511bcf2b695d7a40c1b1461a9817d4b3"
url = "https://dl.k8s.io/v1.36.2/bin/darwin/amd64/kubectl"

[tools.kubectl."platforms.windows-x64"]
checksum = "sha256:df04d82234b28ffbdcd36e79d596b85da6e9c736e1a7a55ff6910c648ff47af2"
url = "https://dl.k8s.io/v1.36.2/bin/windows/amd64/kubectl.exe"

[[tools.maestro]]
version = "cli-2.7.0"
backend = "github:mobile-dev-inc/maestro"

[tools.maestro."platforms.linux-arm64"]
checksum = "sha256:a4ccab6b604617e7aef6db4f885666056eabe5cfa32befaa3bc994041b8fcbb5"
url = "https://github.com/mobile-dev-inc/Maestro/releases/download/cli-2.7.0/maestro.zip"
url_api = "https://api.github.com/repos/mobile-dev-inc/Maestro/releases/assets/483681911"

[tools.maestro."platforms.linux-arm64-musl"]
checksum = "sha256:a4ccab6b604617e7aef6db4f885666056eabe5cfa32befaa3bc994041b8fcbb5"
url = "https://github.com/mobile-dev-inc/Maestro/releases/download/cli-2.7.0/maestro.zip"
url_api = "https://api.github.com/repos/mobile-dev-inc/Maestro/releases/assets/483681911"

[tools.maestro."platforms.linux-x64"]
checksum = "sha256:a4ccab6b604617e7aef6db4f885666056eabe5cfa32befaa3bc994041b8fcbb5"
url = "https://github.com/mobile-dev-inc/Maestro/releases/download/cli-2.7.0/maestro.zip"
url_api = "https://api.github.com/repos/mobile-dev-inc/Maestro/releases/assets/483681911"

[tools.maestro."platforms.linux-x64-musl"]
checksum = "sha256:a4ccab6b604617e7aef6db4f885666056eabe5cfa32befaa3bc994041b8fcbb5"
url = "https://github.com/mobile-dev-inc/Maestro/releases/download/cli-2.7.0/maestro.zip"
url_api = "https://api.github.com/repos/mobile-dev-inc/Maestro/releases/assets/483681911"

[tools.maestro."platforms.macos-arm64"]
checksum = "sha256:a4ccab6b604617e7aef6db4f885666056eabe5cfa32befaa3bc994041b8fcbb5"
url = "https://github.com/mobile-dev-inc/Maestro/releases/download/cli-2.7.0/maestro.zip"
url_api = "https://api.github.com/repos/mobile-dev-inc/Maestro/releases/assets/483681911"

[tools.maestro."platforms.macos-x64"]
checksum = "sha256:a4ccab6b604617e7aef6db4f885666056eabe5cfa32befaa3bc994041b8fcbb5"
url = "https://github.com/mobile-dev-inc/Maestro/releases/download/cli-2.7.0/maestro.zip"
url_api = "https://api.github.com/repos/mobile-dev-inc/Maestro/releases/assets/483681911"

[tools.maestro."platforms.windows-x64"]
checksum = "sha256:a4ccab6b604617e7aef6db4f885666056eabe5cfa32befaa3bc994041b8fcbb5"
url = "https://github.com/mobile-dev-inc/Maestro/releases/download/cli-2.7.0/maestro.zip"
url_api = "https://api.github.com/repos/mobile-dev-inc/Maestro/releases/assets/483681911"

[[tools.node]]
version = "26.5.0"
backend = "core:node"

[tools.node."platforms.linux-arm64"]
checksum = "sha256:308e5fe89a82461ba5a6cf15ff5221b2cdbd7ae87600aa72bb3c3fbdc66412d1"
url = "https://nodejs.org/dist/v26.5.0/node-v26.5.0-linux-arm64.tar.gz"

[tools.node."platforms.linux-arm64-musl"]
checksum = "sha256:1ab31aef6561191693f366cacd75bbcefa0301e49a18bc05554c21893bbdb490"
url = "https://unofficial-builds.nodejs.org/download/release/v26.5.0/node-v26.5.0-linux-arm64-musl.tar.gz"

[tools.node."platforms.linux-x64"]
checksum = "sha256:22b5f47ad6ae78837e4c2b846019965ce1a06ba143de176102294a1bf44fc677"
url = "https://nodejs.org/dist/v26.5.0/node-v26.5.0-linux-x64.tar.gz"

[tools.node."platforms.linux-x64-musl"]
checksum = "sha256:00f1398411a4216c5a6ecaad3b825a0da5ec00e79ee8c173ab65a094d97b9ad8"
url = "https://unofficial-builds.nodejs.org/download/release/v26.5.0/node-v26.5.0-linux-x64-musl.tar.gz"

[tools.node."platforms.macos-arm64"]
checksum = "sha256:ee920559aaa2391569cff4d737e3b83963430e3a14dedd91bfe0ff53171b5af9"
url = "https://nodejs.org/dist/v26.5.0/node-v26.5.0-darwin-arm64.tar.gz"

[tools.node."platforms.macos-x64"]
checksum = "sha256:98293394c945a24e64e00b4177bf075ec963ea70b34d1d2e24bd4a71716d334f"
url = "https://nodejs.org/dist/v26.5.0/node-v26.5.0-darwin-x64.tar.gz"

[tools.node."platforms.windows-x64"]
checksum = "sha256:d3b2277dbcccfdf24ef6302928f64f484cff1d77a6d3caa3a28f4d20ce9158f6"
url = "https://nodejs.org/dist/v26.5.0/node-v26.5.0-win-x64.zip"

[[tools.pitchfork]]
version = "2.16.0"
backend = "aqua:jdx/pitchfork"

[tools.pitchfork."platforms.linux-arm64"]
checksum = "sha256:b1af238e6f590ea9367af97db2b171dc8162aa3d685cef483526b1310c8d5b3a"
url = "https://github.com/jdx/pitchfork/releases/download/v2.16.0/pitchfork-aarch64-unknown-linux-gnu.tar.gz"
url_api = "https://api.github.com/repos/jdx/pitchfork/releases/assets/471473083"

[tools.pitchfork."platforms.linux-x64"]
checksum = "sha256:c4d725410aa554169678a28af30e0b42d71a1078f9f59f196566107b22a878dc"
url = "https://github.com/jdx/pitchfork/releases/download/v2.16.0/pitchfork-x86_64-unknown-linux-gnu.tar.gz"
url_api = "https://api.github.com/repos/jdx/pitchfork/releases/assets/471281589"

[tools.pitchfork."platforms.macos-arm64"]
checksum = "sha256:273d59d388c79c537a9272c18a193fa2810d0503f179bc4efc4a65cdce548a35"
url = "https://github.com/jdx/pitchfork/releases/download/v2.16.0/pitchfork-aarch64-apple-darwin.tar.gz"
url_api = "https://api.github.com/repos/jdx/pitchfork/releases/assets/471282278"

[tools.pitchfork."platforms.windows-x64"]
checksum = "sha256:2d7dc04690f19be1c60d70dbc584bc3ff1e70a95fd53c7a4a349da6afc80ccb3"
url = "https://github.com/jdx/pitchfork/releases/download/v2.16.0/pitchfork-x86_64-pc-windows-msvc.zip"
url_api = "https://api.github.com/repos/jdx/pitchfork/releases/assets/471286097"

[[tools.podman]]
version = "6.0.1"
backend = "github:podman-container-tools/podman"

[tools.podman."platforms.linux-arm64"]
checksum = "sha256:e0329d3c1df622ae39e1ae42fc9c5de787ec7b086dfad44143f956e7079617d0"
url = "https://github.com/podman-container-tools/podman/releases/download/v6.0.1/podman-remote-static-linux_arm64.tar.gz"
url_api = "https://api.github.com/repos/podman-container-tools/podman/releases/assets/470621691"

[tools.podman."platforms.linux-arm64-musl"]
checksum = "sha256:e0329d3c1df622ae39e1ae42fc9c5de787ec7b086dfad44143f956e7079617d0"
url = "https://github.com/podman-container-tools/podman/releases/download/v6.0.1/podman-remote-static-linux_arm64.tar.gz"
url_api = "https://api.github.com/repos/podman-container-tools/podman/releases/assets/470621691"

[tools.podman."platforms.linux-x64"]
checksum = "sha256:f9e286224269e1db91892a9fceda92f844046ab5118f65dd815ab387cae24c6d"
url = "https://github.com/podman-container-tools/podman/releases/download/v6.0.1/podman-remote-static-linux_amd64.tar.gz"
url_api = "https://api.github.com/repos/podman-container-tools/podman/releases/assets/470621689"

[tools.podman."platforms.linux-x64-musl"]
checksum = "sha256:f9e286224269e1db91892a9fceda92f844046ab5118f65dd815ab387cae24c6d"
url = "https://github.com/podman-container-tools/podman/releases/download/v6.0.1/podman-remote-static-linux_amd64.tar.gz"
url_api = "https://api.github.com/repos/podman-container-tools/podman/releases/assets/470621689"

[tools.podman."platforms.macos-arm64"]
checksum = "sha256:4f2d2def65a5afe02fd56756e519bca328c02712c92ada07510b488c68051b95"
url = "https://github.com/podman-container-tools/podman/releases/download/v6.0.1/podman-remote-release-darwin_arm64.zip"
url_api = "https://api.github.com/repos/podman-container-tools/podman/releases/assets/470621667"

[tools.podman."platforms.windows-x64"]
checksum = "sha256:127d02930ac25c80088817502e833916cd3ee1ed1e771dbd42a4ce81b2e0d415"
url = "https://github.com/podman-container-tools/podman/releases/download/v6.0.1/podman-remote-release-windows_amd64.zip"
url_api = "https://api.github.com/repos/podman-container-tools/podman/releases/assets/470621670"

[[tools.protobuf]]
version = "35.1"
backend = "aqua:protocolbuffers/protobuf/protoc"

[tools.protobuf."platforms.linux-arm64"]
checksum = "sha256:01bf9d08808c7f96678b63f4bd8efa559bb4f83d5a7a270d5edaf507f9d5d9cf"
url = "https://github.com/protocolbuffers/protobuf/releases/download/v35.1/protoc-35.1-linux-aarch_64.zip"
url_api = "https://api.github.com/repos/protocolbuffers/protobuf/releases/assets/445060236"

[tools.protobuf."platforms.linux-arm64-musl"]
checksum = "sha256:01bf9d08808c7f96678b63f4bd8efa559bb4f83d5a7a270d5edaf507f9d5d9cf"
url = "https://github.com/protocolbuffers/protobuf/releases/download/v35.1/protoc-35.1-linux-aarch_64.zip"
url_api = "https://api.github.com/repos/protocolbuffers/protobuf/releases/assets/445060236"

[tools.protobuf."platforms.linux-x64"]
checksum = "sha256:6930ebf62bd4ea607b98fff052596c6ee564b9835b4ce172c75a3f53ae9d91b7"
url = "https://github.com/protocolbuffers/protobuf/releases/download/v35.1/protoc-35.1-linux-x86_64.zip"
url_api = "https://api.github.com/repos/protocolbuffers/protobuf/releases/assets/445060247"

[tools.protobuf."platforms.linux-x64-musl"]
checksum = "sha256:6930ebf62bd4ea607b98fff052596c6ee564b9835b4ce172c75a3f53ae9d91b7"
url = "https://github.com/protocolbuffers/protobuf/releases/download/v35.1/protoc-35.1-linux-x86_64.zip"
url_api = "https://api.github.com/repos/protocolbuffers/protobuf/releases/assets/445060247"

[tools.protobuf."platforms.macos-arm64"]
checksum = "sha256:193289af0470c6a1aada357d4fba0bbf8d78bfaac8b5e42ca30af2ef75583de2"
url = "https://github.com/protocolbuffers/protobuf/releases/download/v35.1/protoc-35.1-osx-aarch_64.zip"
url_api = "https://api.github.com/repos/protocolbuffers/protobuf/releases/assets/445060249"

[tools.protobuf."platforms.macos-x64"]
checksum = "sha256:537d73604a344ded6fc94e98e07e529d4fe3e4a0b09e59905353950fafc2a1f7"
url = "https://github.com/protocolbuffers/protobuf/releases/download/v35.1/protoc-35.1-osx-x86_64.zip"
url_api = "https://api.github.com/repos/protocolbuffers/protobuf/releases/assets/445060254"

[tools.protobuf."platforms.windows-x64"]
checksum = "sha256:5d3ff218d7d91eea95f7569bcb5a98f3030f8996d44151279d9772edcff76082"
url = "https://github.com/protocolbuffers/protobuf/releases/download/v35.1/protoc-35.1-win64.zip"
url_api = "https://api.github.com/repos/protocolbuffers/protobuf/releases/assets/445060259"

[[tools.python]]
version = "3.14.6"
backend = "core:python"

[tools.python."platforms.linux-arm64"]
checksum = "sha256:44f86d58f3bbc1aa6c95ee90f03226e0fdbd22475a98c4410e5a20042b7f40d3"
url = "https://github.com/astral-sh/python-build-standalone/releases/download/20260728/cpython-3.14.6+20260728-aarch64-unknown-linux-gnu-install_only_stripped.tar.gz"
provenance = "github-attestations"

[tools.python."platforms.linux-arm64-musl"]
checksum = "sha256:a5795f2142de95396204f7a43ec7f830cf384ca479a67f6fae820407c432711e"
url = "https://github.com/astral-sh/python-build-standalone/releases/download/20260728/cpython-3.14.6+20260728-aarch64-unknown-linux-musl-install_only_stripped.tar.gz"
provenance = "github-attestations"

[tools.python."platforms.linux-x64"]
checksum = "sha256:d6254462d5fe066810a472d286861f6a18f66400008bfa9688e202a5672e88cb"
url = "https://github.com/astral-sh/python-build-standalone/releases/download/20260728/cpython-3.14.6+20260728-x86_64-unknown-linux-gnu-install_only_stripped.tar.gz"
provenance = "github-attestations"

[tools.python."platforms.linux-x64-musl"]
checksum = "sha256:9d5d3101158b5cb692e8468967a344ae5187c90bd7f3608f71e2708accc3be68"
url = "https://github.com/astral-sh/python-build-standalone/releases/download/20260728/cpython-3.14.6+20260728-x86_64-unknown-linux-musl-install_only_stripped.tar.gz"
provenance = "github-attestations"

[tools.python."platforms.macos-arm64"]
checksum = "sha256:f4b47659e2da4b97f38cefdf5ad19f0042946099d843cde60de308708e5b1ac5"
url = "https://github.com/astral-sh/python-build-standalone/releases/download/20260728/cpython-3.14.6+20260728-aarch64-apple-darwin-install_only_stripped.tar.gz"
provenance = "github-attestations"

[tools.python."platforms.macos-x64"]
checksum = "sha256:00a22363402a1a15d4fb1327c8259a91118258d5463d10a97d3e56c1f18195f6"
url = "https://github.com/astral-sh/python-build-standalone/releases/download/20260728/cpython-3.14.6+20260728-x86_64-apple-darwin-install_only_stripped.tar.gz"
provenance = "github-attestations"

[tools.python."platforms.windows-x64"]
checksum = "sha256:19ab713e908d476afbf2b662f72cf6d85c5de6ed44a1b28815ecfbea37b20d54"
url = "https://github.com/astral-sh/python-build-standalone/releases/download/20260728/cpython-3.14.6+20260728-x86_64-pc-windows-msvc-install_only_stripped.tar.gz"
provenance = "github-attestations"

[[tools.ruby]]
version = "3.4.10"
backend = "core:ruby"

[tools.ruby."platforms.windows-x64"]
checksum = "sha256:89e3c5e235ac88b9b7e8daaf639eaaab74d7c470667354f6bf0f7432f3191ebb"
url = "https://github.com/oneclick/rubyinstaller2/releases/download/RubyInstaller-3.4.10-1/rubyinstaller-3.4.10-1-x64.7z"

[[tools.ruby]]
version = "3.4.10"
backend = "core:ruby"

[tools.ruby.options]
compile = "false"
precompiled_url = "jdx/ruby"
ruby_build_repo = "https://github.com/rbenv/ruby-build.git"
ruby_install = "false"

[tools.ruby."platforms.linux-arm64"]
checksum = "sha256:c0a3e9f1d7847e66b044aeeab394ba5d41f63c3da7ad99017c4b2578e31b205a"
url = "https://github.com/jdx/ruby/releases/download/3.4.10-2/ruby-3.4.10.arm64_linux.tar.gz"
provenance = "github-attestations"

[tools.ruby."platforms.linux-arm64-musl"]
checksum = "sha256:c0a3e9f1d7847e66b044aeeab394ba5d41f63c3da7ad99017c4b2578e31b205a"
url = "https://github.com/jdx/ruby/releases/download/3.4.10-2/ruby-3.4.10.arm64_linux.tar.gz"
provenance = "github-attestations"

[tools.ruby."platforms.linux-x64"]
checksum = "sha256:81ce58b056ee2765e46785b4c6befb9852d9c3e50ff9385e7eb1cf3e0314d0bd"
url = "https://github.com/jdx/ruby/releases/download/3.4.10-2/ruby-3.4.10.x86_64_linux.tar.gz"
provenance = "github-attestations"

[tools.ruby."platforms.linux-x64-musl"]
checksum = "sha256:81ce58b056ee2765e46785b4c6befb9852d9c3e50ff9385e7eb1cf3e0314d0bd"
url = "https://github.com/jdx/ruby/releases/download/3.4.10-2/ruby-3.4.10.x86_64_linux.tar.gz"
provenance = "github-attestations"

[tools.ruby."platforms.macos-arm64"]
checksum = "sha256:5aac8b6e16b0938a14f6d23346b5487020d1fea6b5856a33392e5eb37fa1ef62"
url = "https://github.com/jdx/ruby/releases/download/3.4.10-2/ruby-3.4.10.macos.tar.gz"
provenance = "github-attestations"

[tools.ruby."platforms.macos-x64"]
checksum = "sha256:ecee2d072a14f2d14347dd56dfd8fe5c3130abf5117bfaacbda0f4ef9cc429ec"
url = "https://cache.ruby-lang.org/pub/ruby/3.4/ruby-3.4.10.tar.gz"

[[tools.rust]]
version = "nightly-2026-08-16"
backend = "core:rust"

[tools.rust.options]
components = "clippy,rust-analyzer,rust-src,rustfmt"
targets = "wasm32-unknown-unknown,x86_64-unknown-linux-musl"

[[tools.sops]]
version = "3.13.2"
backend = "aqua:getsops/sops"

[tools.sops."platforms.linux-arm64"]
checksum = "sha256:78abf2e15c86250a1553ae6f53aba96be6b2a8126f160b1534959add3467ad76"
url = "https://github.com/getsops/sops/releases/download/v3.13.2/sops-v3.13.2.linux.arm64"
url_api = "https://api.github.com/repos/getsops/sops/releases/assets/461838764"

[tools.sops."platforms.linux-arm64".provenance.slsa]
url = "https://github.com/getsops/sops/releases/download/v3.13.2/sops-v3.13.2.intoto.jsonl"

[tools.sops."platforms.linux-arm64-musl"]
checksum = "sha256:78abf2e15c86250a1553ae6f53aba96be6b2a8126f160b1534959add3467ad76"
url = "https://github.com/getsops/sops/releases/download/v3.13.2/sops-v3.13.2.linux.arm64"
url_api = "https://api.github.com/repos/getsops/sops/releases/assets/461838764"

[tools.sops."platforms.linux-arm64-musl".provenance.slsa]
url = "https://github.com/getsops/sops/releases/download/v3.13.2/sops-v3.13.2.intoto.jsonl"

[tools.sops."platforms.linux-x64"]
checksum = "sha256:154dfe4cd70554bdd82b98e4cd4acf191d43d01ead6f00a73477aa44c4ac42ef"
url = "https://github.com/getsops/sops/releases/download/v3.13.2/sops-v3.13.2.linux.amd64"
url_api = "https://api.github.com/repos/getsops/sops/releases/assets/461838689"

[tools.sops."platforms.linux-x64".provenance.slsa]
url = "https://github.com/getsops/sops/releases/download/v3.13.2/sops-v3.13.2.intoto.jsonl"

[tools.sops."platforms.linux-x64-musl"]
checksum = "sha256:154dfe4cd70554bdd82b98e4cd4acf191d43d01ead6f00a73477aa44c4ac42ef"
url = "https://github.com/getsops/sops/releases/download/v3.13.2/sops-v3.13.2.linux.amd64"
url_api = "https://api.github.com/repos/getsops/sops/releases/assets/461838689"

[tools.sops."platforms.linux-x64-musl".provenance.slsa]
url = "https://github.com/getsops/sops/releases/download/v3.13.2/sops-v3.13.2.intoto.jsonl"

[tools.sops."platforms.macos-arm64"]
checksum = "sha256:412c475b52f167f1facd75d564422ffd1fa5302aaa7a404bdf4e30087e04b5a8"
url = "https://github.com/getsops/sops/releases/download/v3.13.2/sops-v3.13.2.darwin.arm64"
url_api = "https://api.github.com/repos/getsops/sops/releases/assets/461838691"

[tools.sops."platforms.macos-arm64".provenance.slsa]
url = "https://github.com/getsops/sops/releases/download/v3.13.2/sops-v3.13.2.intoto.jsonl"

[tools.sops."platforms.macos-x64"]
checksum = "sha256:5a66836229ff4a73779b19644b6db28fd574a6b995c15fc333469b2f93ee2acd"
url = "https://github.com/getsops/sops/releases/download/v3.13.2/sops-v3.13.2.darwin.amd64"
url_api = "https://api.github.com/repos/getsops/sops/releases/assets/461838762"

[tools.sops."platforms.macos-x64".provenance.slsa]
url = "https://github.com/getsops/sops/releases/download/v3.13.2/sops-v3.13.2.intoto.jsonl"

[tools.sops."platforms.windows-x64"]
checksum = "sha256:cb6fec76e23cb4ac56771ac38472b0fe1ba79a849bf2200aeda7c9467a045b7b"
url = "https://github.com/getsops/sops/releases/download/v3.13.2/sops-v3.13.2.amd64.exe"
url_api = "https://api.github.com/repos/getsops/sops/releases/assets/461838690"

[tools.sops."platforms.windows-x64".provenance.slsa]
url = "https://github.com/getsops/sops/releases/download/v3.13.2/sops-v3.13.2.intoto.jsonl"

[[tools.swiftlint]]
version = "0.65.0"
backend = "aqua:realm/SwiftLint"

[tools.swiftlint."platforms.linux-arm64"]
checksum = "sha256:12d3b84bc5b69ae13a99a5a5c79904f9ce25867f099f6368d0037854f9ee6c26"
url = "https://github.com/realm/SwiftLint/releases/download/0.65.0/swiftlint_linux_arm64.zip"
url_api = "https://api.github.com/repos/realm/SwiftLint/releases/assets/459315166"

[tools.swiftlint."platforms.linux-arm64-musl"]
checksum = "sha256:12d3b84bc5b69ae13a99a5a5c79904f9ce25867f099f6368d0037854f9ee6c26"
url = "https://github.com/realm/SwiftLint/releases/download/0.65.0/swiftlint_linux_arm64.zip"
url_api = "https://api.github.com/repos/realm/SwiftLint/releases/assets/459315166"

[tools.swiftlint."platforms.linux-x64"]
checksum = "sha256:79306a34e5c7cc55a220cd108cbb861dcad5f10138dcdf261e2624ae8b0a486b"
url = "https://github.com/realm/SwiftLint/releases/download/0.65.0/swiftlint_linux_amd64.zip"
url_api = "https://api.github.com/repos/realm/SwiftLint/releases/assets/459315165"

[tools.swiftlint."platforms.linux-x64-musl"]
checksum = "sha256:79306a34e5c7cc55a220cd108cbb861dcad5f10138dcdf261e2624ae8b0a486b"
url = "https://github.com/realm/SwiftLint/releases/download/0.65.0/swiftlint_linux_amd64.zip"
url_api = "https://api.github.com/repos/realm/SwiftLint/releases/assets/459315165"

[tools.swiftlint."platforms.macos-arm64"]
checksum = "sha256:d6cb0aa7a2f5f1ef306fc9e37bcb54dc9a26facc8f7784ac0c3dd3eccf5c6ba6"
url = "https://github.com/realm/SwiftLint/releases/download/0.65.0/portable_swiftlint.zip"
url_api = "https://api.github.com/repos/realm/SwiftLint/releases/assets/459315152"

[tools.swiftlint."platforms.macos-x64"]
checksum = "sha256:d6cb0aa7a2f5f1ef306fc9e37bcb54dc9a26facc8f7784ac0c3dd3eccf5c6ba6"
url = "https://github.com/realm/SwiftLint/releases/download/0.65.0/portable_swiftlint.zip"
url_api = "https://api.github.com/repos/realm/SwiftLint/releases/assets/459315152"
