# @generated - this file is auto-generated by `mise lock` https://mise.jdx.dev/dev-tools/mise-lock.html

[[tools.age]]
version = "1.3.1"
backend = "aqua:FiloSottile/age"

[tools.age."platforms.linux-arm64"]
checksum = "sha256:c6878a324421b69e3e20b00ba17c04bc5c6dab0030cfe55bf8f68fa8d9e9093a"
url = "https://github.com/FiloSottile/age/releases/download/v1.3.1/age-v1.3.1-linux-arm64.tar.gz"
url_api = "https://api.github.com/repos/FiloSottile/age/releases/assets/333752668"
provenance = "github-attestations"

[tools.age."platforms.linux-arm64-musl"]
checksum = "sha256:c6878a324421b69e3e20b00ba17c04bc5c6dab0030cfe55bf8f68fa8d9e9093a"
url = "https://github.com/FiloSottile/age/releases/download/v1.3.1/age-v1.3.1-linux-arm64.tar.gz"
url_api = "https://api.github.com/repos/FiloSottile/age/releases/assets/333752668"
provenance = "github-attestations"

[tools.age."platforms.linux-x64"]
checksum = "sha256:bdc69c09cbdd6cf8b1f333d372a1f58247b3a33146406333e30c0f26e8f51377"
url = "https://github.com/FiloSottile/age/releases/download/v1.3.1/age-v1.3.1-linux-amd64.tar.gz"
url_api = "https://api.github.com/repos/FiloSottile/age/releases/assets/333752671"
provenance = "github-attestations"

[tools.age."platforms.linux-x64-musl"]
checksum = "sha256:bdc69c09cbdd6cf8b1f333d372a1f58247b3a33146406333e30c0f26e8f51377"
url = "https://github.com/FiloSottile/age/releases/download/v1.3.1/age-v1.3.1-linux-amd64.tar.gz"
url_api = "https://api.github.com/repos/FiloSottile/age/releases/assets/333752671"
provenance = "github-attestations"

[tools.age."platforms.macos-arm64"]
checksum = "sha256:01120ea2cbf0463d4c6bd767f99f3271bbed1cdc8a9aa718a76ba1fe4f01998b"
url = "https://github.com/FiloSottile/age/releases/download/v1.3.1/age-v1.3.1-darwin-arm64.tar.gz"
url_api = "https://api.github.com/repos/FiloSottile/age/releases/assets/333752669"
provenance = "github-attestations"

[tools.age."platforms.macos-x64"]
checksum = "sha256:2b233301ad21ab7b1eabd9ae1198a164005fa4928fcdd745d47c39f8593209d7"
url = "https://github.com/FiloSottile/age/releases/download/v1.3.1/age-v1.3.1-darwin-amd64.tar.gz"
url_api = "https://api.github.com/repos/FiloSottile/age/releases/assets/343881260"
provenance = "github-attestations"

[tools.age."platforms.windows-x64"]
checksum = "sha256:c56e8ce22f7e80cb85ad946cc82d198767b056366201d3e1a2b93d865be38154"
url = "https://github.com/FiloSottile/age/releases/download/v1.3.1/age-v1.3.1-windows-amd64.zip"
url_api = "https://api.github.com/repos/FiloSottile/age/releases/assets/333752673"
provenance = "github-attestations"

[[tools.cargo-binstall]]
version = "1.20.1"
backend = "aqua:cargo-bins/cargo-binstall"

[tools.cargo-binstall."platforms.linux-arm64"]
checksum = "sha256:23679581c4cfa1782953264a6e36965198aed995b3a5287550dd78a113ce2288"
url = "https://github.com/cargo-bins/cargo-binstall/releases/download/v1.20.1/cargo-binstall-aarch64-unknown-linux-musl.tgz"
url_api = "https://api.github.com/repos/cargo-bins/cargo-binstall/releases/assets/453435033"
provenance = "github-attestations"

[tools.cargo-binstall."platforms.linux-arm64-musl"]
checksum = "sha256:23679581c4cfa1782953264a6e36965198aed995b3a5287550dd78a113ce2288"
url = "https://github.com/cargo-bins/cargo-binstall/releases/download/v1.20.1/cargo-binstall-aarch64-unknown-linux-musl.tgz"
url_api = "https://api.github.com/repos/cargo-bins/cargo-binstall/releases/assets/453435033"
provenance = "github-attestations"

[tools.cargo-binstall."platforms.linux-x64"]
checksum = "sha256:f12954bc382e1d0b2df3fbfb217a05d92c25570e4517841e0613499a24f4594e"
url = "https://github.com/cargo-bins/cargo-binstall/releases/download/v1.20.1/cargo-binstall-x86_64-unknown-linux-musl.tgz"
url_api = "https://api.github.com/repos/cargo-bins/cargo-binstall/releases/assets/453434840"
provenance = "github-attestations"

[tools.cargo-binstall."platforms.linux-x64-musl"]
checksum = "sha256:f12954bc382e1d0b2df3fbfb217a05d92c25570e4517841e0613499a24f4594e"
url = "https://github.com/cargo-bins/cargo-binstall/releases/download/v1.20.1/cargo-binstall-x86_64-unknown-linux-musl.tgz"
url_api = "https://api.github.com/repos/cargo-bins/cargo-binstall/releases/assets/453434840"
provenance = "github-attestations"

[tools.cargo-binstall."platforms.macos-arm64"]
checksum = "sha256:691c4fda20d2e58920dc056e4eb7dacec6de448bb547aca17b0ae819716ebef6"
url = "https://github.com/cargo-bins/cargo-binstall/releases/download/v1.20.1/cargo-binstall-aarch64-apple-darwin.zip"
url_api = "https://api.github.com/repos/cargo-bins/cargo-binstall/releases/assets/453435095"
provenance = "github-attestations"

[tools.cargo-binstall."platforms.macos-x64"]
checksum = "sha256:349f5ec5f8b996e990993c90c504211321d8bf839e11e409e8fa3b628eefc56f"
url = "https://github.com/cargo-bins/cargo-binstall/releases/download/v1.20.1/cargo-binstall-x86_64-apple-darwin.zip"
url_api = "https://api.github.com/repos/cargo-bins/cargo-binstall/releases/assets/453434899"
provenance = "github-attestations"

[tools.cargo-binstall."platforms.windows-x64"]
checksum = "sha256:89123c22482e2503a5fa861fa30cd61c59c708a97e8550143c1a11de98ae2658"
url = "https://github.com/cargo-bins/cargo-binstall/releases/download/v1.20.1/cargo-binstall-x86_64-pc-windows-msvc.zip"
url_api = "https://api.github.com/repos/cargo-bins/cargo-binstall/releases/assets/453434883"
provenance = "github-attestations"

[[tools.flux2]]
version = "2.9.1"
backend = "aqua:fluxcd/flux2"

[tools.flux2."platforms.linux-arm64"]
checksum = "sha256:16409df2fbd40b23458d81c22dd57abd39e82450831bdf522716d9d1030976c6"
url = "https://github.com/fluxcd/flux2/releases/download/v2.9.1/flux_2.9.1_linux_arm64.tar.gz"
url_api = "https://api.github.com/repos/fluxcd/flux2/releases/assets/469221980"

[tools.flux2."platforms.linux-arm64".provenance.slsa]
url = "https://github.com/fluxcd/flux2/releases/download/v2.9.1/provenance.intoto.jsonl"

[tools.flux2."platforms.linux-arm64-musl"]
checksum = "sha256:16409df2fbd40b23458d81c22dd57abd39e82450831bdf522716d9d1030976c6"
url = "https://github.com/fluxcd/flux2/releases/download/v2.9.1/flux_2.9.1_linux_arm64.tar.gz"
url_api = "https://api.github.com/repos/fluxcd/flux2/releases/assets/469221980"

[tools.flux2."platforms.linux-arm64-musl".provenance.slsa]
url = "https://github.com/fluxcd/flux2/releases/download/v2.9.1/provenance.intoto.jsonl"

[tools.flux2."platforms.linux-x64"]
checksum = "sha256:6e984c92aa02250ea3f907367dc7829411e31d667b100ce2005cb87d5509e5b3"
url = "https://github.com/fluxcd/flux2/releases/download/v2.9.1/flux_2.9.1_linux_amd64.tar.gz"
url_api = "https://api.github.com/repos/fluxcd/flux2/releases/assets/469221979"

[tools.flux2."platforms.linux-x64".provenance.slsa]
url = "https://github.com/fluxcd/flux2/releases/download/v2.9.1/provenance.intoto.jsonl"

[tools.flux2."platforms.linux-x64-musl"]
checksum = "sha256:6e984c92aa02250ea3f907367dc7829411e31d667b100ce2005cb87d5509e5b3"
url = "https://github.com/fluxcd/flux2/releases/download/v2.9.1/flux_2.9.1_linux_amd64.tar.gz"
url_api = "https://api.github.com/repos/fluxcd/flux2/releases/assets/469221979"

[tools.flux2."platforms.linux-x64-musl".provenance.slsa]
url = "https://github.com/fluxcd/flux2/releases/download/v2.9.1/provenance.intoto.jsonl"

[tools.flux2."platforms.macos-arm64"]
checksum = "sha256:1adaed698058f6954b443482320ccb852d55f668ede345d64c49132188b26dcb"
url = "https://github.com/fluxcd/flux2/releases/download/v2.9.1/flux_2.9.1_darwin_arm64.tar.gz"
url_api = "https://api.github.com/repos/fluxcd/flux2/releases/assets/469221990"

[tools.flux2."platforms.macos-arm64".provenance.slsa]
url = "https://github.com/fluxcd/flux2/releases/download/v2.9.1/provenance.intoto.jsonl"

[tools.flux2."platforms.macos-x64"]
checksum = "sha256:bafe1a486da47d7f077af4057b7e8d290d6634ab34ab91544583ec3cb57c0dbd"
url = "https://github.com/fluxcd/flux2/releases/download/v2.9.1/flux_2.9.1_darwin_amd64.tar.gz"
url_api = "https://api.github.com/repos/fluxcd/flux2/releases/assets/469221982"

[tools.flux2."platforms.macos-x64".provenance.slsa]
url = "https://github.com/fluxcd/flux2/releases/download/v2.9.1/provenance.intoto.jsonl"

[tools.flux2."platforms.windows-x64"]
checksum = "sha256:54a33078141799052068fa8afce30178ffdd15a336adb50d44f8581e09c702ea"
url = "https://github.com/fluxcd/flux2/releases/download/v2.9.1/flux_2.9.1_windows_amd64.zip"
url_api = "https://api.github.com/repos/fluxcd/flux2/releases/assets/469221992"

[tools.flux2."platforms.windows-x64".provenance.slsa]
url = "https://github.com/fluxcd/flux2/releases/download/v2.9.1/provenance.intoto.jsonl"

[[tools.fnox]]
version = "1.30.0"
backend = "github:jdx/fnox"

[tools.fnox."platforms.linux-arm64"]
checksum = "sha256:8b9acdd4598715b293bbe845ed69611d69c46b193aefcc72a19d4672787ae23c"
url = "https://github.com/jdx/fnox/releases/download/v1.30.0/fnox-aarch64-unknown-linux-gnu.tar.gz"
url_api = "https://api.github.com/repos/jdx/fnox/releases/assets/471791309"
provenance = "github-attestations"

[tools.fnox."platforms.linux-arm64-musl"]
checksum = "sha256:7b678737da33d51513ba8696ed9b76cab35783250f2db8a6a028f13d0dbd2cdc"
url = "https://github.com/jdx/fnox/releases/download/v1.30.0/fnox-aarch64-unknown-linux-musl.tar.gz"
url_api = "https://api.github.com/repos/jdx/fnox/releases/assets/471791306"
provenance = "github-attestations"

[tools.fnox."platforms.linux-x64"]
checksum = "sha256:2479e045a8b9bac203d499d24693ce98e3724706d22ebdd76d812c2b66dcc321"
url = "https://github.com/jdx/fnox/releases/download/v1.30.0/fnox-x86_64-unknown-linux-gnu.tar.gz"
url_api = "https://api.github.com/repos/jdx/fnox/releases/assets/471791354"
provenance = "github-attestations"

[tools.fnox."platforms.linux-x64-musl"]
checksum = "sha256:2b12cd7d0e814ca9f0066b96a3e1c3f307f18b3819eab7a2eb11e173c3bec3b9"
url = "https://github.com/jdx/fnox/releases/download/v1.30.0/fnox-x86_64-unknown-linux-musl.tar.gz"
url_api = "https://api.github.com/repos/jdx/fnox/releases/assets/471791367"
provenance = "github-attestations"

[tools.fnox."platforms.macos-arm64"]
checksum = "sha256:13cb02950379fa8d4ee1bc3f4212708754c089f34a885ac0101e39c30b7f547c"
url = "https://github.com/jdx/fnox/releases/download/v1.30.0/fnox-aarch64-apple-darwin.tar.gz"
url_api = "https://api.github.com/repos/jdx/fnox/releases/assets/471791310"
provenance = "github-attestations"

[tools.fnox."platforms.macos-x64"]
checksum = "sha256:13759ab93da8ab53c0e7530166a7128b6afd946bbca98d6583f892afff1ed903"
url = "https://github.com/jdx/fnox/releases/download/v1.30.0/fnox-x86_64-apple-darwin.tar.gz"
url_api = "https://api.github.com/repos/jdx/fnox/releases/assets/471791307"
provenance = "github-attestations"

[tools.fnox."platforms.windows-x64"]
checksum = "sha256:9a6007af908a7c43275c5b0156d227e6a3a9cf183c68265ee7cdef26b88984e3"
url = "https://github.com/jdx/fnox/releases/download/v1.30.0/fnox-x86_64-pc-windows-msvc.zip"
url_api = "https://api.github.com/repos/jdx/fnox/releases/assets/471791353"
provenance = "github-attestations"

[[tools.gh]]
version = "2.96.0"
backend = "aqua:cli/cli"

[tools.gh."platforms.linux-arm64"]
checksum = "sha256:06f86ec7103d41993b76cd78072f43595c34aaa56506d971d9860e67140bf909"
url = "https://github.com/cli/cli/releases/download/v2.96.0/gh_2.96.0_linux_arm64.tar.gz"
url_api = "https://api.github.com/repos/cli/cli/releases/assets/464728549"
provenance = "github-attestations"

[tools.gh."platforms.linux-arm64-musl"]
checksum = "sha256:06f86ec7103d41993b76cd78072f43595c34aaa56506d971d9860e67140bf909"
url = "https://github.com/cli/cli/releases/download/v2.96.0/gh_2.96.0_linux_arm64.tar.gz"
url_api = "https://api.github.com/repos/cli/cli/releases/assets/464728549"
provenance = "github-attestations"

[tools.gh."platforms.linux-x64"]
checksum = "sha256:83d5c2ccad5498f58bf6368acb1ab32588cf43ab3a4b1c301bf36328b1c8bd60"
url = "https://github.com/cli/cli/releases/download/v2.96.0/gh_2.96.0_linux_amd64.tar.gz"
url_api = "https://api.github.com/repos/cli/cli/releases/assets/464728543"
provenance = "github-attestations"

[tools.gh."platforms.linux-x64-musl"]
checksum = "sha256:83d5c2ccad5498f58bf6368acb1ab32588cf43ab3a4b1c301bf36328b1c8bd60"
url = "https://github.com/cli/cli/releases/download/v2.96.0/gh_2.96.0_linux_amd64.tar.gz"
url_api = "https://api.github.com/repos/cli/cli/releases/assets/464728543"
provenance = "github-attestations"

[tools.gh."platforms.macos-arm64"]
checksum = "sha256:f23a0c37d963aacc3bed703ccbd59b41c5ca22101fab7f00eb2b7cad23aba463"
url = "https://github.com/cli/cli/releases/download/v2.96.0/gh_2.96.0_macOS_arm64.zip"
url_api = "https://api.github.com/repos/cli/cli/releases/assets/464728562"
provenance = "github-attestations"

[tools.gh."platforms.macos-x64"]
checksum = "sha256:4bd449df9ad639391bc62b8032546f0fe9edcd8526e06682a4f88abd8c5d163c"
url = "https://github.com/cli/cli/releases/download/v2.96.0/gh_2.96.0_macOS_amd64.zip"
url_api = "https://api.github.com/repos/cli/cli/releases/assets/464728560"
provenance = "github-attestations"

[tools.gh."platforms.windows-x64"]
checksum = "sha256:c2d6acc935cd2f00e2144d7e036d5cd82e6b6bd5594e8c75aa75ef2a4ed6aac3"
url = "https://github.com/cli/cli/releases/download/v2.96.0/gh_2.96.0_windows_amd64.zip"
url_api = "https://api.github.com/repos/cli/cli/releases/assets/464728577"
provenance = "github-attestations"

[[tools.helm]]
version = "4.2.3"
backend = "aqua:helm/helm"

[tools.helm."platforms.linux-arm64"]
checksum = "sha256:21abd9354d39b2cd79a8d76be6912cd137a983cbf997193503fb8a6a6e2f2785"
url = "https://get.helm.sh/helm-v4.2.3-linux-arm64.tar.gz"

[tools.helm."platforms.linux-arm64-musl"]
checksum = "sha256:21abd9354d39b2cd79a8d76be6912cd137a983cbf997193503fb8a6a6e2f2785"
url = "https://get.helm.sh/helm-v4.2.3-linux-arm64.tar.gz"

[tools.helm."platforms.linux-x64"]
checksum = "sha256:e9b88b4ee95b18c706839c28d3a0220e5bc470e9cd9262410c90793c45ff8b7c"
url = "https://get.helm.sh/helm-v4.2.3-linux-amd64.tar.gz"

[tools.helm."platforms.linux-x64-musl"]
checksum = "sha256:e9b88b4ee95b18c706839c28d3a0220e5bc470e9cd9262410c90793c45ff8b7c"
url = "https://get.helm.sh/helm-v4.2.3-linux-amd64.tar.gz"

[tools.helm."platforms.macos-arm64"]
checksum = "sha256:048ecf5ad3160f83d918f9fe945238d2132b079640f7b106175331c25f242c64"
url = "https://get.helm.sh/helm-v4.2.3-darwin-arm64.tar.gz"

[tools.helm."platforms.macos-x64"]
checksum = "sha256:ff3ac86755a45f3422473bc1200776aac0fe04c5766abe6ca66699f7b564b23b"
url = "https://get.helm.sh/helm-v4.2.3-darwin-amd64.tar.gz"

[tools.helm."platforms.windows-x64"]
checksum = "sha256:02c6137bb5f050479193afad5a28804e9edc3beeab7e7b53a6e1499c9ba387ef"
url = "https://get.helm.sh/helm-v4.2.3-windows-amd64.tar.gz"

[[tools.kubectl]]
version = "1.36.2"
backend = "aqua:kubernetes/kubernetes/kubectl"

[tools.kubectl."platforms.linux-arm64"]
checksum = "sha256:c957eb8c4bea27a3bb35b269edd9082e27f027f7b76b20b5bf4afebc726c6d3e"
url = "https://dl.k8s.io/v1.36.2/bin/linux/arm64/kubectl"

[tools.kubectl."platforms.linux-arm64-musl"]
checksum = "sha256:c957eb8c4bea27a3bb35b269edd9082e27f027f7b76b20b5bf4afebc726c6d3e"
url = "https://dl.k8s.io/v1.36.2/bin/linux/arm64/kubectl"

[tools.kubectl."platforms.linux-x64"]
checksum = "sha256:1e9045ec32bea85da43de85f0065358529ea7c7a152eca78154fba5b58c27d82"
url = "https://dl.k8s.io/v1.36.2/bin/linux/amd64/kubectl"

[tools.kubectl."platforms.linux-x64-musl"]
checksum = "sha256:1e9045ec32bea85da43de85f0065358529ea7c7a152eca78154fba5b58c27d82"
url = "https://dl.k8s.io/v1.36.2/bin/linux/amd64/kubectl"

[tools.kubectl."platforms.macos-arm64"]
checksum = "sha256:4408c85c83fd3a31adaa555bdf3c7a6c81f74b19449a9060ba31ab91926f023d"
url = "https://dl.k8s.io/v1.36.2/bin/darwin/arm64/kubectl"

[tools.kubectl."platforms.macos-x64"]
checksum = "sha256:ce6c5e55cd17559e87e4fb5e73ebbbc2511bcf2b695d7a40c1b1461a9817d4b3"
url = "https://dl.k8s.io/v1.36.2/bin/darwin/amd64/kubectl"

[tools.kubectl."platforms.windows-x64"]
checksum = "sha256:df04d82234b28ffbdcd36e79d596b85da6e9c736e1a7a55ff6910c648ff47af2"
url = "https://dl.k8s.io/v1.36.2/bin/windows/amd64/kubectl.exe"

[[tools.node]]
version = "26.5.0"
backend = "core:node"

[tools.node."platforms.linux-arm64"]
checksum = "sha256:308e5fe89a82461ba5a6cf15ff5221b2cdbd7ae87600aa72bb3c3fbdc66412d1"
url = "https://nodejs.org/dist/v26.5.0/node-v26.5.0-linux-arm64.tar.gz"

[tools.node."platforms.linux-arm64-musl"]
checksum = "sha256:1ab31aef6561191693f366cacd75bbcefa0301e49a18bc05554c21893bbdb490"
url = "https://unofficial-builds.nodejs.org/download/release/v26.5.0/node-v26.5.0-linux-arm64-musl.tar.gz"

[tools.node."platforms.linux-x64"]
checksum = "sha256:22b5f47ad6ae78837e4c2b846019965ce1a06ba143de176102294a1bf44fc677"
url = "https://nodejs.org/dist/v26.5.0/node-v26.5.0-linux-x64.tar.gz"

[tools.node."platforms.linux-x64-musl"]
checksum = "sha256:00f1398411a4216c5a6ecaad3b825a0da5ec00e79ee8c173ab65a094d97b9ad8"
url = "https://unofficial-builds.nodejs.org/download/release/v26.5.0/node-v26.5.0-linux-x64-musl.tar.gz"

[tools.node."platforms.macos-arm64"]
checksum = "sha256:ee920559aaa2391569cff4d737e3b83963430e3a14dedd91bfe0ff53171b5af9"
url = "https://nodejs.org/dist/v26.5.0/node-v26.5.0-darwin-arm64.tar.gz"

[tools.node."platforms.macos-x64"]
checksum = "sha256:98293394c945a24e64e00b4177bf075ec963ea70b34d1d2e24bd4a71716d334f"
url = "https://nodejs.org/dist/v26.5.0/node-v26.5.0-darwin-x64.tar.gz"

[tools.node."platforms.windows-x64"]
checksum = "sha256:d3b2277dbcccfdf24ef6302928f64f484cff1d77a6d3caa3a28f4d20ce9158f6"
url = "https://nodejs.org/dist/v26.5.0/node-v26.5.0-win-x64.zip"

[[tools.podman]]
version = "6.0.1"
backend = "github:podman-container-tools/podman"

[tools.podman."platforms.linux-arm64"]
checksum = "sha256:e0329d3c1df622ae39e1ae42fc9c5de787ec7b086dfad44143f956e7079617d0"
url = "https://github.com/podman-container-tools/podman/releases/download/v6.0.1/podman-remote-static-linux_arm64.tar.gz"
url_api = "https://api.github.com/repos/podman-container-tools/podman/releases/assets/470621691"

[tools.podman."platforms.linux-arm64-musl"]
checksum = "sha256:e0329d3c1df622ae39e1ae42fc9c5de787ec7b086dfad44143f956e7079617d0"
url = "https://github.com/podman-container-tools/podman/releases/download/v6.0.1/podman-remote-static-linux_arm64.tar.gz"
url_api = "https://api.github.com/repos/podman-container-tools/podman/releases/assets/470621691"

[tools.podman."platforms.linux-x64"]
checksum = "sha256:f9e286224269e1db91892a9fceda92f844046ab5118f65dd815ab387cae24c6d"
url = "https://github.com/podman-container-tools/podman/releases/download/v6.0.1/podman-remote-static-linux_amd64.tar.gz"
url_api = "https://api.github.com/repos/podman-container-tools/podman/releases/assets/470621689"

[tools.podman."platforms.linux-x64-musl"]
checksum = "sha256:f9e286224269e1db91892a9fceda92f844046ab5118f65dd815ab387cae24c6d"
url = "https://github.com/podman-container-tools/podman/releases/download/v6.0.1/podman-remote-static-linux_amd64.tar.gz"
url_api = "https://api.github.com/repos/podman-container-tools/podman/releases/assets/470621689"

[tools.podman."platforms.macos-arm64"]
checksum = "sha256:4f2d2def65a5afe02fd56756e519bca328c02712c92ada07510b488c68051b95"
url = "https://github.com/podman-container-tools/podman/releases/download/v6.0.1/podman-remote-release-darwin_arm64.zip"
url_api = "https://api.github.com/repos/podman-container-tools/podman/releases/assets/470621667"

[tools.podman."platforms.windows-x64"]
checksum = "sha256:127d02930ac25c80088817502e833916cd3ee1ed1e771dbd42a4ce81b2e0d415"
url = "https://github.com/podman-container-tools/podman/releases/download/v6.0.1/podman-remote-release-windows_amd64.zip"
url_api = "https://api.github.com/repos/podman-container-tools/podman/releases/assets/470621670"

[[tools.python]]
version = "3.14.6"
backend = "core:python"

[tools.python."platforms.linux-arm64"]
checksum = "sha256:f177d40ca931df03f660fc006f86ad8cd2ac6e7d6b5d54edbc625103464fc4aa"
url = "https://github.com/astral-sh/python-build-standalone/releases/download/20260623/cpython-3.14.6+20260623-aarch64-unknown-linux-gnu-install_only_stripped.tar.gz"
provenance = "github-attestations"

[tools.python."platforms.linux-arm64-musl"]
checksum = "sha256:11d463be3e2d34ea67722acfd8f3f2d6d6e5b6b4d4ab27240f220628134a0141"
url = "https://github.com/astral-sh/python-build-standalone/releases/download/20260623/cpython-3.14.6+20260623-aarch64-unknown-linux-musl-install_only_stripped.tar.gz"
provenance = "github-attestations"

[tools.python."platforms.linux-x64"]
checksum = "sha256:c172314f4a8ec137a8f605289010c3d19c8b56867d968f0095074cc68efa1d29"
url = "https://github.com/astral-sh/python-build-standalone/releases/download/20260623/cpython-3.14.6+20260623-x86_64-unknown-linux-gnu-install_only_stripped.tar.gz"
provenance = "github-attestations"

[tools.python."platforms.linux-x64-musl"]
checksum = "sha256:f25064ecb3b07cfe2440b178e72001cf1e0d69a5e53625ca3a32b7ae4e2fdcc6"
url = "https://github.com/astral-sh/python-build-standalone/releases/download/20260623/cpython-3.14.6+20260623-x86_64-unknown-linux-musl-install_only_stripped.tar.gz"
provenance = "github-attestations"

[tools.python."platforms.macos-arm64"]
checksum = "sha256:35d774f61d63c1fd4f1bc9495a7ada92e500dc4382a0df8a9910eb87ea48e8cf"
url = "https://github.com/astral-sh/python-build-standalone/releases/download/20260623/cpython-3.14.6+20260623-aarch64-apple-darwin-install_only_stripped.tar.gz"
provenance = "github-attestations"

[tools.python."platforms.macos-x64"]
checksum = "sha256:12fb3ea3d6a855fe6ca1c2241702b06cb7e5939fbef09a5f54bf326e480f66af"
url = "https://github.com/astral-sh/python-build-standalone/releases/download/20260623/cpython-3.14.6+20260623-x86_64-apple-darwin-install_only_stripped.tar.gz"
provenance = "github-attestations"

[tools.python."platforms.windows-x64"]
checksum = "sha256:ec05b628ad749682d06d225780fbc02e7bbb5ce2146c9bd8e74a3659b14b693a"
url = "https://github.com/astral-sh/python-build-standalone/releases/download/20260623/cpython-3.14.6+20260623-x86_64-pc-windows-msvc-install_only_stripped.tar.gz"
provenance = "github-attestations"

[[tools.rust]]
version = "stable"
backend = "core:rust"

[[tools.sops]]
version = "3.13.2"
backend = "aqua:getsops/sops"

[tools.sops."platforms.linux-arm64"]
checksum = "sha256:78abf2e15c86250a1553ae6f53aba96be6b2a8126f160b1534959add3467ad76"
url = "https://github.com/getsops/sops/releases/download/v3.13.2/sops-v3.13.2.linux.arm64"
url_api = "https://api.github.com/repos/getsops/sops/releases/assets/461838764"

[tools.sops."platforms.linux-arm64".provenance.slsa]
url = "https://github.com/getsops/sops/releases/download/v3.13.2/sops-v3.13.2.intoto.jsonl"

[tools.sops."platforms.linux-arm64-musl"]
checksum = "sha256:78abf2e15c86250a1553ae6f53aba96be6b2a8126f160b1534959add3467ad76"
url = "https://github.com/getsops/sops/releases/download/v3.13.2/sops-v3.13.2.linux.arm64"
url_api = "https://api.github.com/repos/getsops/sops/releases/assets/461838764"

[tools.sops."platforms.linux-arm64-musl".provenance.slsa]
url = "https://github.com/getsops/sops/releases/download/v3.13.2/sops-v3.13.2.intoto.jsonl"

[tools.sops."platforms.linux-x64"]
checksum = "sha256:154dfe4cd70554bdd82b98e4cd4acf191d43d01ead6f00a73477aa44c4ac42ef"
url = "https://github.com/getsops/sops/releases/download/v3.13.2/sops-v3.13.2.linux.amd64"
url_api = "https://api.github.com/repos/getsops/sops/releases/assets/461838689"

[tools.sops."platforms.linux-x64".provenance.slsa]
url = "https://github.com/getsops/sops/releases/download/v3.13.2/sops-v3.13.2.intoto.jsonl"

[tools.sops."platforms.linux-x64-musl"]
checksum = "sha256:154dfe4cd70554bdd82b98e4cd4acf191d43d01ead6f00a73477aa44c4ac42ef"
url = "https://github.com/getsops/sops/releases/download/v3.13.2/sops-v3.13.2.linux.amd64"
url_api = "https://api.github.com/repos/getsops/sops/releases/assets/461838689"

[tools.sops."platforms.linux-x64-musl".provenance.slsa]
url = "https://github.com/getsops/sops/releases/download/v3.13.2/sops-v3.13.2.intoto.jsonl"

[tools.sops."platforms.macos-arm64"]
checksum = "sha256:412c475b52f167f1facd75d564422ffd1fa5302aaa7a404bdf4e30087e04b5a8"
url = "https://github.com/getsops/sops/releases/download/v3.13.2/sops-v3.13.2.darwin.arm64"
url_api = "https://api.github.com/repos/getsops/sops/releases/assets/461838691"

[tools.sops."platforms.macos-arm64".provenance.slsa]
url = "https://github.com/getsops/sops/releases/download/v3.13.2/sops-v3.13.2.intoto.jsonl"

[tools.sops."platforms.macos-x64"]
checksum = "sha256:5a66836229ff4a73779b19644b6db28fd574a6b995c15fc333469b2f93ee2acd"
url = "https://github.com/getsops/sops/releases/download/v3.13.2/sops-v3.13.2.darwin.amd64"
url_api = "https://api.github.com/repos/getsops/sops/releases/assets/461838762"

[tools.sops."platforms.macos-x64".provenance.slsa]
url = "https://github.com/getsops/sops/releases/download/v3.13.2/sops-v3.13.2.intoto.jsonl"

[tools.sops."platforms.windows-x64"]
checksum = "sha256:cb6fec76e23cb4ac56771ac38472b0fe1ba79a849bf2200aeda7c9467a045b7b"
url = "https://github.com/getsops/sops/releases/download/v3.13.2/sops-v3.13.2.amd64.exe"
url_api = "https://api.github.com/repos/getsops/sops/releases/assets/461838690"

[tools.sops."platforms.windows-x64".provenance.slsa]
url = "https://github.com/getsops/sops/releases/download/v3.13.2/sops-v3.13.2.intoto.jsonl"
